
Microsoft Visual Studio Solution File, Format Version 12.00
# Visual Studio Version 18
VisualStudioVersion = 18.4.11513.90
MinimumVisualStudioVersion = 10.0.40219.1
Project("{9A19103F-16F7-4668-BE54-9A1E7A4F7556}") = "LongestSubstringWithoutRepeatingCharacters", "LongestSubstringWithoutRepeatingCharacters\LongestSubstringWithoutRepeatingCharacters.csproj", "{724CE1CE-751D-4043-A780-A38614D5FD36}"
EndProject
Project("{9A19103F-16F7-4668-BE54-9A1E7A4F7556}") = "ReverseInteger", "ReverseInteger\ReverseInteger.csproj", "{B3C1542A-7F3A-4647-9B47-2B43B1341682}"
EndProject
Project("{9A19103F-16F7-4668-BE54-9A1E7A4F7556}") = "SearchInsertPosition", "SearchInsertPosition\SearchInsertPosition.csproj", "{48DBED13-1370-4349-A599-055A369FC4D1}"
EndProject
Project("{9A19103F-16F7-4668-BE54-9A1E7A4F7556}") = "3SumClosest", "3SumClosest\3SumClosest.csproj", "{66823143-154E-4B4B-B99A-9032C9F1A507}"
EndProject
Project("{9A19103F-16F7-4668-BE54-9A1E7A4F7556}") = "ReverseWordsinaStringIII", "ReverseWordsinaStringIII\ReverseWordsinaStringIII.csproj", "{E1A28D72-3931-4950-BE00-D6F03342E460}"
EndProject
Project("{9A19103F-16F7-4668-BE54-9A1E7A4F7556}") = "LongestCommonPrefix", "LongestCommonPrefix\LongestCommonPrefix.csproj", "{3CE8D025-8A1D-49CE-8101-DF72DA940DAF}"
EndProject
Project("{9A19103F-16F7-4668-BE54-9A1E7A4F7556}") = "CountandSay", "CountandSay\CountandSay.csproj", "{428E75D8-7E70-419B-A9F3-75BFBF226A49}"
EndProject
Project("{FAE04EC0-301F-11D3-BF4B-00C04F79EFBC}") = "StringtoInteger(atoi)", "StringtoInteger(atoi)\StringtoInteger(atoi).csproj", "{E272A2DA-2BC1-43EE-AE86-0B56EC8AF891}"
EndProject
Project("{FAE04EC0-301F-11D3-BF4B-00C04F79EFBC}") = "1980.FindUniqueBinaryString", "1980.FindUniqueBinaryString\1980.FindUniqueBinaryString.csproj", "{71AFB028-6A1A-4961-BF39-D59E58F28E95}"
EndProject
Project("{FAE04EC0-301F-11D3-BF4B-00C04F79EFBC}") = "1888.MinimumNumberofFlipstoMaketheBinaryStringAlternating", "1888.MinimumNumberofFlipstoMaketheBinaryStringAlternating\1888.MinimumNumberofFlipstoMaketheBinaryStringAlternating.csproj", "{6114F2D9-2076-4731-B270-1BA0F24C412D}"
EndProject
Project("{FAE04EC0-301F-11D3-BF4B-00C04F79EFBC}") = "3129.FindAllPossibleStableBinaryArraysI", "3129.FindAllPossibleStableBinaryArraysI\3129.FindAllPossibleStableBinaryArraysI.csproj", "{F8007DA0-F2B9-413F-9C54-E3E6E69586D5}"
EndProject
Project("{FAE04EC0-301F-11D3-BF4B-00C04F79EFBC}") = "Performance", "Performance\Performance.csproj", "{22148E93-0BEF-4DF9-BC82-AEF5A967FDE4}"
EndProject
Global
	GlobalSection(SolutionConfigurationPlatforms) = preSolution
		Debug|Any CPU = Debug|Any CPU
		Release|Any CPU = Release|Any CPU
	EndGlobalSection
	GlobalSection(ProjectConfigurationPlatforms) = postSolution
		{724CE1CE-751D-4043-A780-A38614D5FD36}.Debug|Any CPU.ActiveCfg = Debug|Any CPU
		{724CE1CE-751D-4043-A780-A38614D5FD36}.Debug|Any CPU.Build.0 = Debug|Any CPU
		{724CE1CE-751D-4043-A780-A38614D5FD36}.Release|Any CPU.ActiveCfg = Release|Any CPU
		{724CE1CE-751D-4043-A780-A38614D5FD36}.Release|Any CPU.Build.0 = Release|Any CPU
		{B3C1542A-7F3A-4647-9B47-2B43B1341682}.Debug|Any CPU.ActiveCfg = Debug|Any CPU
		{B3C1542A-7F3A-4647-9B47-2B43B1341682}.Debug|Any CPU.Build.0 = Debug|Any CPU
		{B3C1542A-7F3A-4647-9B47-2B43B1341682}.Release|Any CPU.ActiveCfg = Release|Any CPU
		{B3C1542A-7F3A-4647-9B47-2B43B1341682}.Release|Any CPU.Build.0 = Release|Any CPU
		{48DBED13-1370-4349-A599-055A369FC4D1}.Debug|Any CPU.ActiveCfg = Debug|Any CPU
		{48DBED13-1370-4349-A599-055A369FC4D1}.Debug|Any CPU.Build.0 = Debug|Any CPU
		{48DBED13-1370-4349-A599-055A369FC4D1}.Release|Any CPU.ActiveCfg = Release|Any CPU
		{48DBED13-1370-4349-A599-055A369FC4D1}.Release|Any CPU.Build.0 = Release|Any CPU
		{66823143-154E-4B4B-B99A-9032C9F1A507}.Debug|Any CPU.ActiveCfg = Debug|Any CPU
		{66823143-154E-4B4B-B99A-9032C9F1A507}.Debug|Any CPU.Build.0 = Debug|Any CPU
		{66823143-154E-4B4B-B99A-9032C9F1A507}.Release|Any CPU.ActiveCfg = Release|Any CPU
		{66823143-154E-4B4B-B99A-9032C9F1A507}.Release|Any CPU.Build.0 = Release|Any CPU
		{E1A28D72-3931-4950-BE00-D6F03342E460}.Debug|Any CPU.ActiveCfg = Debug|Any CPU
		{E1A28D72-3931-4950-BE00-D6F03342E460}.Debug|Any CPU.Build.0 = Debug|Any CPU
		{E1A28D72-3931-4950-BE00-D6F03342E460}.Release|Any CPU.ActiveCfg = Release|Any CPU
		{E1A28D72-3931-4950-BE00-D6F03342E460}.Release|Any CPU.Build.0 = Release|Any CPU
		{3CE8D025-8A1D-49CE-8101-DF72DA940DAF}.Debug|Any CPU.ActiveCfg = Debug|Any CPU
		{3CE8D025-8A1D-49CE-8101-DF72DA940DAF}.Debug|Any CPU.Build.0 = Debug|Any CPU
		{3CE8D025-8A1D-49CE-8101-DF72DA940DAF}.Release|Any CPU.ActiveCfg = Release|Any CPU
		{3CE8D025-8A1D-49CE-8101-DF72DA940DAF}.Release|Any CPU.Build.0 = Release|Any CPU
		{428E75D8-7E70-419B-A9F3-75BFBF226A49}.Debug|Any CPU.ActiveCfg = Debug|Any CPU
		{428E75D8-7E70-419B-A9F3-75BFBF226A49}.Debug|Any CPU.Build.0 = Debug|Any CPU
		{428E75D8-7E70-419B-A9F3-75BFBF226A49}.Release|Any CPU.ActiveCfg = Release|Any CPU
		{428E75D8-7E70-419B-A9F3-75BFBF226A49}.Release|Any CPU.Build.0 = Release|Any CPU
		{E272A2DA-2BC1-43EE-AE86-0B56EC8AF891}.Debug|Any CPU.ActiveCfg = Debug|Any CPU
		{E272A2DA-2BC1-43EE-AE86-0B56EC8AF891}.Debug|Any CPU.Build.0 = Debug|Any CPU
		{E272A2DA-2BC1-43EE-AE86-0B56EC8AF891}.Release|Any CPU.ActiveCfg = Release|Any CPU
		{E272A2DA-2BC1-43EE-AE86-0B56EC8AF891}.Release|Any CPU.Build.0 = Release|Any CPU
		{71AFB028-6A1A-4961-BF39-D59E58F28E95}.Debug|Any CPU.ActiveCfg = Debug|Any CPU
		{71AFB028-6A1A-4961-BF39-D59E58F28E95}.Debug|Any CPU.Build.0 = Debug|Any CPU
		{71AFB028-6A1A-4961-BF39-D59E58F28E95}.Release|Any CPU.ActiveCfg = Release|Any CPU
		{71AFB028-6A1A-4961-BF39-D59E58F28E95}.Release|Any CPU.Build.0 = Release|Any CPU
		{6114F2D9-2076-4731-B270-1BA0F24C412D}.Debug|Any CPU.ActiveCfg = Debug|Any CPU
		{6114F2D9-2076-4731-B270-1BA0F24C412D}.Debug|Any CPU.Build.0 = Debug|Any CPU
		{6114F2D9-2076-4731-B270-1BA0F24C412D}.Release|Any CPU.ActiveCfg = Release|Any CPU
		{6114F2D9-2076-4731-B270-1BA0F24C412D}.Release|Any CPU.Build.0 = Release|Any CPU
		{F8007DA0-F2B9-413F-9C54-E3E6E69586D5}.Debug|Any CPU.ActiveCfg = Debug|Any CPU
		{F8007DA0-F2B9-413F-9C54-E3E6E69586D5}.Debug|Any CPU.Build.0 = Debug|Any CPU
		{F8007DA0-F2B9-413F-9C54-E3E6E69586D5}.Release|Any CPU.ActiveCfg = Release|Any CPU
		{F8007DA0-F2B9-413F-9C54-E3E6E69586D5}.Release|Any CPU.Build.0 = Release|Any CPU
		{22148E93-0BEF-4DF9-BC82-AEF5A967FDE4}.Debug|Any CPU.ActiveCfg = Debug|Any CPU
		{22148E93-0BEF-4DF9-BC82-AEF5A967FDE4}.Debug|Any CPU.Build.0 = Debug|Any CPU
		{22148E93-0BEF-4DF9-BC82-AEF5A967FDE4}.Release|Any CPU.ActiveCfg = Release|Any CPU
		{22148E93-0BEF-4DF9-BC82-AEF5A967FDE4}.Release|Any CPU.Build.0 = Release|Any CPU
	EndGlobalSection
	GlobalSection(SolutionProperties) = preSolution
		HideSolutionNode = FALSE
	EndGlobalSection
	GlobalSection(ExtensibilityGlobals) = postSolution
		SolutionGuid = {31BE2F02-F3C6-495E-A933-CD8CA1E3CD35}
	EndGlobalSection
EndGlobal
